
Microsoft Visual Studio Solution File, Format Version 12.00
# Visual Studio Version 17
VisualStudioVersion = 17.5.33516.290
MinimumVisualStudioVersion = 10.0.40219.1
Project("{FAE04EC0-301F-11D3-BF4B-00C04F79EFBC}") = "TugasPemrogramanPraktikum11", "TugasPemrogramanPraktikum11\TugasPemrogramanPraktikum11.csproj", "{AF473C64-3444-41B2-9168-F2917BEDCBBB}"
EndProject
Global
	GlobalSection(SolutionConfigurationPlatforms) = preSolution
		Debug|Any CPU = Debug|Any CPU
		Release|Any CPU = Release|Any CPU
	EndGlobalSection
	GlobalSection(ProjectConfigurationPlatforms) = postSolution
		{AF473C64-3444-41B2-9168-F2917BEDCBBB}.Debug|Any CPU.ActiveCfg = Debug|Any CPU
		{AF473C64-3444-41B2-9168-F2917BEDCBBB}.Debug|Any CPU.Build.0 = Debug|Any CPU
		{AF473C64-3444-41B2-9168-F2917BEDCBBB}.Release|Any CPU.ActiveCfg = Release|Any CPU
		{AF473C64-3444-41B2-9168-F2917BEDCBBB}.Release|Any CPU.Build.0 = Release|Any CPU
	EndGlobalSection
	GlobalSection(SolutionProperties) = preSolution
		HideSolutionNode = FALSE
	EndGlobalSection
	GlobalSection(ExtensibilityGlobals) = postSolution
		SolutionGuid = {B48F34D3-80C7-4DD6-81A1-3E8931930699}
	EndGlobalSection
EndGlobal
